// !$*UTF8*$!
{
	archiveVersion = 1;
	classes = {
	};
	objectVersion = 48;
	objects = {

/* Begin PBXBuildFile section */
		8F11C90E201392A200CF326C /* SwipeTableViewController.swift in Sources */ = {isa = PBXBuildFile; fileRef = 8F11C90D201392A200CF326C /* SwipeTableViewController.swift */; };
		8F4CB5F72010E502004B6EEF /* CategoryViewController.swift in Sources */ = {isa = PBXBuildFile; fileRef = 8F4CB5F62010E502004B6EEF /* CategoryViewController.swift */; };
		8F6EAF6320128442005A36A5 /* Item.swift in Sources */ = {isa = PBXBuildFile; fileRef = 8F6EAF6220128442005A36A5 /* Item.swift */; };
		8F6EAF652012848C005A36A5 /* Category.swift in Sources */ = {isa = PBXBuildFile; fileRef = 8F6EAF642012848C005A36A5 /* Category.swift */; };
		8FC93ACB2007A9B400BE63F1 /* AppDelegate.swift in Sources */ = {isa = PBXBuildFile; fileRef = 8FC93ACA2007A9B400BE63F1 /* AppDelegate.swift */; };
		8FC93ACD2007A9B400BE63F1 /* TodoListViewController.swift in Sources */ = {isa = PBXBuildFile; fileRef = 8FC93ACC2007A9B400BE63F1 /* TodoListViewController.swift */; };
		8FC93AD02007A9B400BE63F1 /* Main.storyboard in Resources */ = {isa = PBXBuildFile; fileRef = 8FC93ACE2007A9B400BE63F1 /* Main.storyboard */; };
		8FC93AD22007A9B400BE63F1 /* Assets.xcassets in Resources */ = {isa = PBXBuildFile; fileRef = 8FC93AD12007A9B400BE63F1 /* Assets.xcassets */; };
		8FC93AD52007A9B400BE63F1 /* LaunchScreen.storyboard in Resources */ = {isa = PBXBuildFile; fileRef = 8FC93AD32007A9B400BE63F1 /* LaunchScreen.storyboard */; };
		F19C4565A63AAEEBC5CB8261 /* Pods_Todoey.framework in Frameworks */ = {isa = PBXBuildFile; fileRef = A872924C85ECAFD461068726 /* Pods_Todoey.framework */; };
/* End PBXBuildFile section */

/* Begin PBXFileReference section */
		14617A29814F8EDC91ECECF7 /* Pods-Todoey.debug.xcconfig */ = {isa = PBXFileReference; includeInIndex = 1; lastKnownFileType = text.xcconfig; name = "Pods-Todoey.debug.xcconfig"; path = "Pods/Target Support Files/Pods-Todoey/Pods-Todoey.debug.xcconfig"; sourceTree = "<group>"; };
		885F01BC97B46431E4F2BF87 /* Pods-Todoey.release.xcconfig */ = {isa = PBXFileReference; includeInIndex = 1; lastKnownFileType = text.xcconfig; name = "Pods-Todoey.release.xcconfig"; path = "Pods/Target Support Files/Pods-Todoey/Pods-Todoey.release.xcconfig"; sourceTree = "<group>"; };
		8F11C90D201392A200CF326C /* SwipeTableViewController.swift */ = {isa = PBXFileReference; lastKnownFileType = sourcecode.swift; path = SwipeTableViewController.swift; sourceTree = "<group>"; };
		8F4CB5F62010E502004B6EEF /* CategoryViewController.swift */ = {isa = PBXFileReference; lastKnownFileType = sourcecode.swift; path = CategoryViewController.swift; sourceTree = "<group>"; };
		8F6EAF6220128442005A36A5 /* Item.swift */ = {isa = PBXFileReference; lastKnownFileType = sourcecode.swift; path = Item.swift; sourceTree = "<group>"; };
		8F6EAF642012848C005A36A5 /* Category.swift */ = {isa = PBXFileReference; lastKnownFileType = sourcecode.swift; path = Category.swift; sourceTree = "<group>"; };
		8FC93AC72007A9B400BE63F1 /* Todoey.app */ = {isa = PBXFileReference; explicitFileType = wrapper.application; includeInIndex = 0; path = Todoey.app; sourceTree = BUILT_PRODUCTS_DIR; };
		8FC93ACA2007A9B400BE63F1 /* AppDelegate.swift */ = {isa = PBXFileReference; lastKnownFileType = sourcecode.swift; path = AppDelegate.swift; sourceTree = "<group>"; };
		8FC93ACC2007A9B400BE63F1 /* TodoListViewController.swift */ = {isa = PBXFileReference; lastKnownFileType = sourcecode.swift; path = TodoListViewController.swift; sourceTree = "<group>"; };
		8FC93ACF2007A9B400BE63F1 /* Base */ = {isa = PBXFileReference; lastKnownFileType = file.storyboard; name = Base; path = Base.lproj/Main.storyboard; sourceTree = "<group>"; };
		8FC93AD12007A9B400BE63F1 /* Assets.xcassets */ = {isa = PBXFileReference; lastKnownFileType = folder.assetcatalog; path = Assets.xcassets; sourceTree = "<group>"; };
		8FC93AD42007A9B400BE63F1 /* Base */ = {isa = PBXFileReference; lastKnownFileType = file.storyboard; name = Base; path = Base.lproj/LaunchScreen.storyboard; sourceTree = "<group>"; };
		8FC93AD62007A9B400BE63F1 /* Info.plist */ = {isa = PBXFileReference; lastKnownFileType = text.plist.xml; path = Info.plist; sourceTree = "<group>"; };
		A872924C85ECAFD461068726 /* Pods_Todoey.framework */ = {isa = PBXFileReference; explicitFileType = wrapper.framework; includeInIndex = 0; path = Pods_Todoey.framework; sourceTree = BUILT_PRODUCTS_DIR; };
/* End PBXFileReference section */

/* Begin PBXFrameworksBuildPhase section */
		8FC93AC42007A9B400BE63F1 /* Frameworks */ = {
			isa = PBXFrameworksBuildPhase;
			buildActionMask = 2147483647;
			files = (
				F19C4565A63AAEEBC5CB8261 /* Pods_Todoey.framework in Frameworks */,
			);
			runOnlyForDeploymentPostprocessing = 0;
		};
/* End PBXFrameworksBuildPhase section */

/* Begin PBXGroup section */
		8FAA235120093557001891F5 /* Data Model */ = {
			isa = PBXGroup;
			children = (
				8F6EAF642012848C005A36A5 /* Category.swift */,
				8F6EAF6220128442005A36A5 /* Item.swift */,
			);
			path = "Data Model";
			sourceTree = "<group>";
		};
		8FAA23522009356F001891F5 /* Controller */ = {
			isa = PBXGroup;
			children = (
				8F4CB5F62010E502004B6EEF /* CategoryViewController.swift */,
				8FC93ACC2007A9B400BE63F1 /* TodoListViewController.swift */,
				8F11C90D201392A200CF326C /* SwipeTableViewController.swift */,
			);
			path = Controller;
			sourceTree = "<group>";
		};
		8FAA23532009357D001891F5 /* Views */ = {
			isa = PBXGroup;
			children = (
				8FC93ACE2007A9B400BE63F1 /* Main.storyboard */,
			);
			path = Views;
			sourceTree = "<group>";
		};
		8FAA235420093597001891F5 /* Supporting Files */ = {
			isa = PBXGroup;
			children = (
				8FC93AD12007A9B400BE63F1 /* Assets.xcassets */,
				8FC93AD32007A9B400BE63F1 /* LaunchScreen.storyboard */,
			);
			path = "Supporting Files";
			sourceTree = "<group>";
		};
		8FC93ABE2007A9B400BE63F1 = {
			isa = PBXGroup;
			children = (
				8FC93AC92007A9B400BE63F1 /* Todoey */,
				8FC93AC82007A9B400BE63F1 /* Products */,
				C6F6716012811017C41A5453 /* Pods */,
				BDD3461FD87A7B37C04A3A9D /* Frameworks */,
			);
			sourceTree = "<group>";
		};
		8FC93AC82007A9B400BE63F1 /* Products */ = {
			isa = PBXGroup;
			children = (
				8FC93AC72007A9B400BE63F1 /* Todoey.app */,
			);
			name = Products;
			sourceTree = "<group>";
		};
		8FC93AC92007A9B400BE63F1 /* Todoey */ = {
			isa = PBXGroup;
			children = (
				8FC93ACA2007A9B400BE63F1 /* AppDelegate.swift */,
				8FAA23522009356F001891F5 /* Controller */,
				8FAA235120093557001891F5 /* Data Model */,
				8FAA23532009357D001891F5 /* Views */,
				8FAA235420093597001891F5 /* Supporting Files */,
				8FC93AD62007A9B400BE63F1 /* Info.plist */,
			);
			path = Todoey;
			sourceTree = "<group>";
		};
		BDD3461FD87A7B37C04A3A9D /* Frameworks */ = {
			isa = PBXGroup;
			children = (
				A872924C85ECAFD461068726 /* Pods_Todoey.framework */,
			);
			name = Frameworks;
			sourceTree = "<group>";
		};
		C6F6716012811017C41A5453 /* Pods */ = {
			isa = PBXGroup;
			children = (
				14617A29814F8EDC91ECECF7 /* Pods-Todoey.debug.xcconfig */,
				885F01BC97B46431E4F2BF87 /* Pods-Todoey.release.xcconfig */,
			);
			name = Pods;
			sourceTree = "<group>";
		};
/* End PBXGroup section */

/* Begin PBXNativeTarget section */
		8FC93AC62007A9B400BE63F1 /* Todoey */ = {
			isa = PBXNativeTarget;
			buildConfigurationList = 8FC93AD92007A9B400BE63F1 /* Build configuration list for PBXNativeTarget "Todoey" */;
			buildPhases = (
				C8F2789EBEE54025A8E9F005 /* [CP] Check Pods Manifest.lock */,
				8FC93AC32007A9B400BE63F1 /* Sources */,
				8FC93AC42007A9B400BE63F1 /* Frameworks */,
				8FC93AC52007A9B400BE63F1 /* Resources */,
				94A3BCCA05008C111E21C32B /* [CP] Embed Pods Frameworks */,
				76C6CFED52D1B3CF0E890AFB /* [CP] Copy Pods Resources */,
			);
			buildRules = (
			);
			dependencies = (
			);
			name = Todoey;
			productName = Todoey;
			productReference = 8FC93AC72007A9B400BE63F1 /* Todoey.app */;
			productType = "com.apple.product-type.application";
		};
/* End PBXNativeTarget section */

/* Begin PBXProject section */
		8FC93ABF2007A9B400BE63F1 /* Project object */ = {
			isa = PBXProject;
			attributes = {
				LastSwiftUpdateCheck = 0920;
				LastUpgradeCheck = 0920;
				ORGANIZATIONNAME = "Valentinas Stripeika";
				TargetAttributes = {
					8FC93AC62007A9B400BE63F1 = {
						CreatedOnToolsVersion = 9.2;
						ProvisioningStyle = Automatic;
					};
				};
			};
			buildConfigurationList = 8FC93AC22007A9B400BE63F1 /* Build configuration list for PBXProject "Todoey" */;
			compatibilityVersion = "Xcode 8.0";
			developmentRegion = en;
			hasScannedForEncodings = 0;
			knownRegions = (
				en,
				Base,
			);
			mainGroup = 8FC93ABE2007A9B400BE63F1;
			productRefGroup = 8FC93AC82007A9B400BE63F1 /* Products */;
			projectDirPath = "";
			projectRoot = "";
			targets = (
				8FC93AC62007A9B400BE63F1 /* Todoey */,
			);
		};
/* End PBXProject section */

/* Begin PBXResourcesBuildPhase section */
		8FC93AC52007A9B400BE63F1 /* Resources */ = {
			isa = PBXResourcesBuildPhase;
			buildActionMask = 2147483647;
			files = (
				8FC93AD52007A9B400BE63F1 /* LaunchScreen.storyboard in Resources */,
				8FC93AD22007A9B400BE63F1 /* Assets.xcassets in Resources */,
				8FC93AD02007A9B400BE63F1 /* Main.storyboard in Resources */,
			);
			runOnlyForDeploymentPostprocessing = 0;
		};
/* End PBXResourcesBuildPhase section */

/* Begin PBXShellScriptBuildPhase section */
		76C6CFED52D1B3CF0E890AFB /* [CP] Copy Pods Resources */ = {
			isa = PBXShellScriptBuildPhase;
			buildActionMask = 2147483647;
			files = (
			);
			inputPaths = (
			);
			name = "[CP] Copy Pods Resources";
			outputPaths = (
			);
			runOnlyForDeploymentPostprocessing = 0;
			shellPath = /bin/sh;
			shellScript = "\"${SRCROOT}/Pods/Target Support Files/Pods-Todoey/Pods-Todoey-resources.sh\"\n";
			showEnvVarsInLog = 0;
		};
		94A3BCCA05008C111E21C32B /* [CP] Embed Pods Frameworks */ = {
			isa = PBXShellScriptBuildPhase;
			buildActionMask = 2147483647;
			files = (
			);
			inputPaths = (
				"${SRCROOT}/Pods/Target Support Files/Pods-Todoey/Pods-Todoey-frameworks.sh",
				"${BUILT_PRODUCTS_DIR}/ChameleonFramework/ChameleonFramework.framework",
				"${BUILT_PRODUCTS_DIR}/Realm/Realm.framework",
				"${BUILT_PRODUCTS_DIR}/RealmSwift/RealmSwift.framework",
				"${BUILT_PRODUCTS_DIR}/SwipeCellKit/SwipeCellKit.framework",
			);
			name = "[CP] Embed Pods Frameworks";
			outputPaths = (
				"${TARGET_BUILD_DIR}/${FRAMEWORKS_FOLDER_PATH}/ChameleonFramework.framework",
				"${TARGET_BUILD_DIR}/${FRAMEWORKS_FOLDER_PATH}/Realm.framework",
				"${TARGET_BUILD_DIR}/${FRAMEWORKS_FOLDER_PATH}/RealmSwift.framework",
				"${TARGET_BUILD_DIR}/${FRAMEWORKS_FOLDER_PATH}/SwipeCellKit.framework",
			);
			runOnlyForDeploymentPostprocessing = 0;
			shellPath = /bin/sh;
			shellScript = "\"${SRCROOT}/Pods/Target Support Files/Pods-Todoey/Pods-Todoey-frameworks.sh\"\n";
			showEnvVarsInLog = 0;
		};
		C8F2789EBEE54025A8E9F005 /* [CP] Check Pods Manifest.lock */ = {
			isa = PBXShellScriptBuildPhase;
			buildActionMask = 2147483647;
			files = (
			);
			inputPaths = (
				"${PODS_PODFILE_DIR_PATH}/Podfile.lock",
				"${PODS_ROOT}/Manifest.lock",
			);
			name = "[CP] Check Pods Manifest.lock";
			outputPaths = (
				"$(DERIVED_FILE_DIR)/Pods-Todoey-checkManifestLockResult.txt",
			);
			runOnlyForDeploymentPostprocessing = 0;
			shellPath = /bin/sh;
			shellScript = "diff \"${PODS_PODFILE_DIR_PATH}/Podfile.lock\" \"${PODS_ROOT}/Manifest.lock\" > /dev/null\nif [ $? != 0 ] ; then\n    # print error to STDERR\n    echo \"error: The sandbox is not in sync with the Podfile.lock. Run 'pod install' or update your CocoaPods installation.\" >&2\n    exit 1\nfi\n# This output is used by Xcode 'outputs' to avoid re-running this script phase.\necho \"SUCCESS\" > \"${SCRIPT_OUTPUT_FILE_0}\"\n";
			showEnvVarsInLog = 0;
		};
/* End PBXShellScriptBuildPhase section */

/* Begin PBXSourcesBuildPhase section */
		8FC93AC32007A9B400BE63F1 /* Sources */ = {
			isa = PBXSourcesBuildPhase;
			buildActionMask = 2147483647;
			files = (
				8F6EAF6320128442005A36A5 /* Item.swift in Sources */,
				8F4CB5F72010E502004B6EEF /* CategoryViewController.swift in Sources */,
				8FC93ACD2007A9B400BE63F1 /* TodoListViewController.swift in Sources */,
				8FC93ACB2007A9B400BE63F1 /* AppDelegate.swift in Sources */,
				8F11C90E201392A200CF326C /* SwipeTableViewController.swift in Sources */,
				8F6EAF652012848C005A36A5 /* Category.swift in Sources */,
			);
			runOnlyForDeploymentPostprocessing = 0;
		};
/* End PBXSourcesBuildPhase section */

/* Begin PBXVariantGroup section */
		8FC93ACE2007A9B400BE63F1 /* Main.storyboard */ = {
			isa = PBXVariantGroup;
			children = (
				8FC93ACF2007A9B400BE63F1 /* Base */,
			);
			name = Main.storyboard;
			sourceTree = "<group>";
		};
		8FC93AD32007A9B400BE63F1 /* LaunchScreen.storyboard */ = {
			isa = PBXVariantGroup;
			children = (
				8FC93AD42007A9B400BE63F1 /* Base */,
			);
			name = LaunchScreen.storyboard;
			sourceTree = "<group>";
		};
/* End PBXVariantGroup section */

/* Begin XCBuildConfiguration section */
		8FC93AD72007A9B400BE63F1 /* Debug */ = {
			isa = XCBuildConfiguration;
			buildSettings = {
				ALWAYS_SEARCH_USER_PATHS = NO;
				CLANG_ANALYZER_NONNULL = YES;
				CLANG_ANALYZER_NUMBER_OBJECT_CONVERSION = YES_AGGRESSIVE;
				CLANG_CXX_LANGUAGE_STANDARD = "gnu++14";
				CLANG_CXX_LIBRARY = "libc++";
				CLANG_ENABLE_MODULES = YES;
				CLANG_ENABLE_OBJC_ARC = YES;
				CLANG_WARN_BLOCK_CAPTURE_AUTORELEASING = YES;
				CLANG_WARN_BOOL_CONVERSION = YES;
				CLANG_WARN_COMMA = YES;
				CLANG_WARN_CONSTANT_CONVERSION = YES;
				CLANG_WARN_DIRECT_OBJC_ISA_USAGE = YES_ERROR;
				CLANG_WARN_DOCUMENTATION_COMMENTS = YES;
				CLANG_WARN_EMPTY_BODY = YES;
				CLANG_WARN_ENUM_CONVERSION = YES;
				CLANG_WARN_INFINITE_RECURSION = YES;
				CLANG_WARN_INT_CONVERSION = YES;
				CLANG_WARN_NON_LITERAL_NULL_CONVERSION = YES;
				CLANG_WARN_OBJC_LITERAL_CONVERSION = YES;
				CLANG_WARN_OBJC_ROOT_CLASS = YES_ERROR;
				CLANG_WARN_RANGE_LOOP_ANALYSIS = YES;
				CLANG_WARN_STRICT_PROTOTYPES = YES;
				CLANG_WARN_SUSPICIOUS_MOVE = YES;
				CLANG_WARN_UNGUARDED_AVAILABILITY = YES_AGGRESSIVE;
				CLANG_WARN_UNREACHABLE_CODE = YES;
				CLANG_WARN__DUPLICATE_METHOD_MATCH = YES;
				CODE_SIGN_IDENTITY = "iPhone Developer";
				COPY_PHASE_STRIP = NO;
				DEBUG_INFORMATION_FORMAT = dwarf;
				ENABLE_STRICT_OBJC_MSGSEND = YES;
				ENABLE_TESTABILITY = YES;
				GCC_C_LANGUAGE_STANDARD = gnu11;
				GCC_DYNAMIC_NO_PIC = NO;
				GCC_NO_COMMON_BLOCKS = YES;
				GCC_OPTIMIZATION_LEVEL = 0;
				GCC_PREPROCESSOR_DEFINITIONS = (
					"DEBUG=1",
					"$(inherited)",
				);
				GCC_WARN_64_TO_32_BIT_CONVERSION = YES;
				GCC_WARN_ABOUT_RETURN_TYPE = YES_ERROR;
				GCC_WARN_UNDECLARED_SELECTOR = YES;
				GCC_WARN_UNINITIALIZED_AUTOS = YES_AGGRESSIVE;
				GCC_WARN_UNUSED_FUNCTION = YES;
				GCC_WARN_UNUSED_VARIABLE = YES;
				IPHONEOS_DEPLOYMENT_TARGET = 11.2;
				MTL_ENABLE_DEBUG_INFO = YES;
				ONLY_ACTIVE_ARCH = YES;
				SDKROOT = iphoneos;
				SWIFT_ACTIVE_COMPILATION_CONDITIONS = DEBUG;
				SWIFT_OPTIMIZATION_LEVEL = "-Onone";
			};
			name = Debug;
		};
		8FC93AD82007A9B400BE63F1 /* Release */ = {
			isa = XCBuildConfiguration;
			buildSettings = {
				ALWAYS_SEARCH_USER_PATHS = NO;
				CLANG_ANALYZER_NONNULL = YES;
				CLANG_ANALYZER_NUMBER_OBJECT_CONVERSION = YES_AGGRESSIVE;
				CLANG_CXX_LANGUAGE_STANDARD = "gnu++14";
				CLANG_CXX_LIBRARY = "libc++";
				CLANG_ENABLE_MODULES = YES;
				CLANG_ENABLE_OBJC_ARC = YES;
				CLANG_WARN_BLOCK_CAPTURE_AUTORELEASING = YES;
				CLANG_WARN_BOOL_CONVERSION = YES;
				CLANG_WARN_COMMA = YES;
				CLANG_WARN_CONSTANT_CONVERSION = YES;
				CLANG_WARN_DIRECT_OBJC_ISA_USAGE = YES_ERROR;
				CLANG_WARN_DOCUMENTATION_COMMENTS = YES;
				CLANG_WARN_EMPTY_BODY = YES;
				CLANG_WARN_ENUM_CONVERSION = YES;
				CLANG_WARN_INFINITE_RECURSION = YES;
				CLANG_WARN_INT_CONVERSION = YES;
				CLANG_WARN_NON_LITERAL_NULL_CONVERSION = YES;
				CLANG_WARN_OBJC_LITERAL_CONVERSION = YES;
				CLANG_WARN_OBJC_ROOT_CLASS = YES_ERROR;
				CLANG_WARN_RANGE_LOOP_ANALYSIS = YES;
				CLANG_WARN_STRICT_PROTOTYPES = YES;
				CLANG_WARN_SUSPICIOUS_MOVE = YES;
				CLANG_WARN_UNGUARDED_AVAILABILITY = YES_AGGRESSIVE;
				CLANG_WARN_UNREACHABLE_CODE = YES;
				CLANG_WARN__DUPLICATE_METHOD_MATCH = YES;
				CODE_SIGN_IDENTITY = "iPhone Developer";
				COPY_PHASE_STRIP = NO;
				DEBUG_INFORMATION_FORMAT = "dwarf-with-dsym";
				ENABLE_NS_ASSERTIONS = NO;
				ENABLE_STRICT_OBJC_MSGSEND = YES;
				GCC_C_LANGUAGE_STANDARD = gnu11;
				GCC_NO_COMMON_BLOCKS = YES;
				GCC_WARN_64_TO_32_BIT_CONVERSION = YES;
				GCC_WARN_ABOUT_RETURN_TYPE = YES_ERROR;
				GCC_WARN_UNDECLARED_SELECTOR = YES;
				GCC_WARN_UNINITIALIZED_AUTOS = YES_AGGRESSIVE;
				GCC_WARN_UNUSED_FUNCTION = YES;
				GCC_WARN_UNUSED_VARIABLE = YES;
				IPHONEOS_DEPLOYMENT_TARGET = 11.2;
				MTL_ENABLE_DEBUG_INFO = NO;
				SDKROOT = iphoneos;
				SWIFT_OPTIMIZATION_LEVEL = "-Owholemodule";
				VALIDATE_PRODUCT = YES;
			};
			name = Release;
		};
		8FC93ADA2007A9B400BE63F1 /* Debug */ = {
			isa = XCBuildConfiguration;
			baseConfigurationReference = 14617A29814F8EDC91ECECF7 /* Pods-Todoey.debug.xcconfig */;
			buildSettings = {
				ASSETCATALOG_COMPILER_APPICON_NAME = AppIcon;
				CODE_SIGN_STYLE = Automatic;
				DEVELOPMENT_TEAM = D686NMHZ33;
				INFOPLIST_FILE = Todoey/Info.plist;
				LD_RUNPATH_SEARCH_PATHS = "$(inherited) @executable_path/Frameworks";
				PRODUCT_BUNDLE_IDENTIFIER = com.valstripe.Todoey;
				PRODUCT_NAME = "$(TARGET_NAME)";
				SWIFT_VERSION = 4.0;
				TARGETED_DEVICE_FAMILY = "1,2";
			};
			name = Debug;
		};
		8FC93ADB2007A9B400BE63F1 /* Release */ = {
			isa = XCBuildConfiguration;
			baseConfigurationReference = 885F01BC97B46431E4F2BF87 /* Pods-Todoey.release.xcconfig */;
			buildSettings = {
				ASSETCATALOG_COMPILER_APPICON_NAME = AppIcon;
				CODE_SIGN_STYLE = Automatic;
				DEVELOPMENT_TEAM = D686NMHZ33;
				INFOPLIST_FILE = Todoey/Info.plist;
				LD_RUNPATH_SEARCH_PATHS = "$(inherited) @executable_path/Frameworks";
				PRODUCT_BUNDLE_IDENTIFIER = com.valstripe.Todoey;
				PRODUCT_NAME = "$(TARGET_NAME)";
				SWIFT_VERSION = 4.0;
				TARGETED_DEVICE_FAMILY = "1,2";
			};
			name = Release;
		};
/* End XCBuildConfiguration section */

/* Begin XCConfigurationList section */
		8FC93AC22007A9B400BE63F1 /* Build configuration list for PBXProject "Todoey" */ = {
			isa = XCConfigurationList;
			buildConfigurations = (
				8FC93AD72007A9B400BE63F1 /* Debug */,
				8FC93AD82007A9B400BE63F1 /* Release */,
			);
			defaultConfigurationIsVisible = 0;
			defaultConfigurationName = Release;
		};
		8FC93AD92007A9B400BE63F1 /* Build configuration list for PBXNativeTarget "Todoey" */ = {
			isa = XCConfigurationList;
			buildConfigurations = (
				8FC93ADA2007A9B400BE63F1 /* Debug */,
				8FC93ADB2007A9B400BE63F1 /* Release */,
			);
			defaultConfigurationIsVisible = 0;
			defaultConfigurationName = Release;
		};
/* End XCConfigurationList section */
	};
	rootObject = 8FC93ABF2007A9B400BE63F1 /* Project object */;
}
